// !$*UTF8*$!
{
	archiveVersion = 1;
	classes = {
	};
	objectVersion = 42;
	objects = {

/* Begin PBXBuildFile section */
		CA5A68AE110825E500BF1BC8 /* SafariExtension.m in Sources */ = {isa = PBXBuildFile; fileRef = CA5A6873110825E500BF1BC8 /* SafariExtension.m */; };
		CA5A68AF110825E500BF1BC8 /* SafariWebViewController.m in Sources */ = {isa = PBXBuildFile; fileRef = CA5A6875110825E500BF1BC8 /* SafariWebViewController.m */; };
		CA5A68D81108262400BF1BC8 /* libCocoaHTTPServer.a in Frameworks */ = {isa = PBXBuildFile; fileRef = CA5A68D71108261D00BF1BC8 /* libCocoaHTTPServer.a */; };
		CA5A69231108360500BF1BC8 /* WebKit.framework in Frameworks */ = {isa = PBXBuildFile; fileRef = CA5A69221108360500BF1BC8 /* WebKit.framework */; };
		CA5DFD941112BD6600DCE78D /* libjson.a in Frameworks */ = {isa = PBXBuildFile; fileRef = CA5DFD671112BD0F00DCE78D /* libjson.a */; };
		CA707DEA11A3CF7200646473 /* Attribute.m in Sources */ = {isa = PBXBuildFile; fileRef = CA707DB211A3CF7200646473 /* Attribute.m */; };
		CA707DEB11A3CF7200646473 /* Cookie.m in Sources */ = {isa = PBXBuildFile; fileRef = CA707DB411A3CF7200646473 /* Cookie.m */; };
		CA707DEC11A3CF7200646473 /* COPYING in Resources */ = {isa = PBXBuildFile; fileRef = CA707DB511A3CF7200646473 /* COPYING */; };
		CA707DED11A3CF7200646473 /* Element+FindElement.m in Sources */ = {isa = PBXBuildFile; fileRef = CA707DB711A3CF7200646473 /* Element+FindElement.m */; };
		CA707DEE11A3CF7200646473 /* Element.m in Sources */ = {isa = PBXBuildFile; fileRef = CA707DB911A3CF7200646473 /* Element.m */; };
		CA707DEF11A3CF7200646473 /* ElementStore+FindElement.m in Sources */ = {isa = PBXBuildFile; fileRef = CA707DBB11A3CF7200646473 /* ElementStore+FindElement.m */; };
		CA707DF011A3CF7200646473 /* ElementStore.m in Sources */ = {isa = PBXBuildFile; fileRef = CA707DBD11A3CF7200646473 /* ElementStore.m */; };
		CA707DF111A3CF7200646473 /* HTTPJSONResponse.m in Sources */ = {isa = PBXBuildFile; fileRef = CA707DBF11A3CF7200646473 /* HTTPJSONResponse.m */; };
		CA707DF211A3CF7200646473 /* HTTPResponse+Utility.m in Sources */ = {isa = PBXBuildFile; fileRef = CA707DC211A3CF7200646473 /* HTTPResponse+Utility.m */; };
		CA707DF311A3CF7200646473 /* HTTPServerController.m in Sources */ = {isa = PBXBuildFile; fileRef = CA707DC411A3CF7200646473 /* HTTPServerController.m */; };
		CA707DF411A3CF7200646473 /* HTTPVirtualDirectory+AccessViewController.m in Sources */ = {isa = PBXBuildFile; fileRef = CA707DC611A3CF7200646473 /* HTTPVirtualDirectory+AccessViewController.m */; };
		CA707DF511A3CF7200646473 /* HTTPVirtualDirectory+Remove.m in Sources */ = {isa = PBXBuildFile; fileRef = CA707DC811A3CF7200646473 /* HTTPVirtualDirectory+Remove.m */; };
		CA707DF611A3CF7200646473 /* JSONRESTResource.m in Sources */ = {isa = PBXBuildFile; fileRef = CA707DCB11A3CF7200646473 /* JSONRESTResource.m */; };
		CA707DF711A3CF7200646473 /* NSException+WebDriver.m in Sources */ = {isa = PBXBuildFile; fileRef = CA707DCD11A3CF7200646473 /* NSException+WebDriver.m */; };
		CA707DF811A3CF7200646473 /* NSURLRequest+IgnoreSSL.m in Sources */ = {isa = PBXBuildFile; fileRef = CA707DCF11A3CF7200646473 /* NSURLRequest+IgnoreSSL.m */; };
		CA707DF911A3CF7200646473 /* RESTServiceMapping.m in Sources */ = {isa = PBXBuildFile; fileRef = CA707DD111A3CF7200646473 /* RESTServiceMapping.m */; };
		CA707DFA11A3CF7200646473 /* Session+ExecuteScript.m in Sources */ = {isa = PBXBuildFile; fileRef = CA707DD311A3CF7200646473 /* Session+ExecuteScript.m */; };
		CA707DFB11A3CF7200646473 /* Session.m in Sources */ = {isa = PBXBuildFile; fileRef = CA707DD511A3CF7200646473 /* Session.m */; };
		CA707DFC11A3CF7200646473 /* SessionRoot.m in Sources */ = {isa = PBXBuildFile; fileRef = CA707DD711A3CF7200646473 /* SessionRoot.m */; };
		CA707DFE11A3CF7200646473 /* WebDriverHTTPConnection.m in Sources */ = {isa = PBXBuildFile; fileRef = CA707DDB11A3CF7200646473 /* WebDriverHTTPConnection.m */; };
		CA707DFF11A3CF7200646473 /* WebDriverHTTPServer.m in Sources */ = {isa = PBXBuildFile; fileRef = CA707DDD11A3CF7200646473 /* WebDriverHTTPServer.m */; };
		CA707E0011A3CF7200646473 /* WebDriverPreferences.m in Sources */ = {isa = PBXBuildFile; fileRef = CA707DDF11A3CF7200646473 /* WebDriverPreferences.m */; };
		CA707E0111A3CF7200646473 /* WebDriverRequestFetcher.m in Sources */ = {isa = PBXBuildFile; fileRef = CA707DE111A3CF7200646473 /* WebDriverRequestFetcher.m */; };
		CA707E0211A3CF7200646473 /* WebDriverResource.m in Sources */ = {isa = PBXBuildFile; fileRef = CA707DE311A3CF7200646473 /* WebDriverResource.m */; };
		CA707E0311A3CF7200646473 /* WebDriverResponse.m in Sources */ = {isa = PBXBuildFile; fileRef = CA707DE511A3CF7200646473 /* WebDriverResponse.m */; };
		CA707E0411A3CF7200646473 /* WebDriverUtilities.m in Sources */ = {isa = PBXBuildFile; fileRef = CA707DE711A3CF7200646473 /* WebDriverUtilities.m */; };
		CA707E0511A3CF7200646473 /* WebViewController.m in Sources */ = {isa = PBXBuildFile; fileRef = CA707DE911A3CF7200646473 /* WebViewController.m */; };
		CA707FE611A3D86D00646473 /* HTTPPNGResponse.m in Sources */ = {isa = PBXBuildFile; fileRef = CA707FE511A3D86D00646473 /* HTTPPNGResponse.m */; };
		CA70801011A3DBCC00646473 /* QuartzCore.framework in Frameworks */ = {isa = PBXBuildFile; fileRef = CA70800F11A3DBCC00646473 /* QuartzCore.framework */; };
		D8F6C985110D6B19009DADFF /* BundleInjector.m in Sources */ = {isa = PBXBuildFile; fileRef = D8F6C984110D6B19009DADFF /* BundleInjector.m */; };
		D8F6CA48110D6C5D009DADFF /* BundleInjector.dylib in CopyFiles */ = {isa = PBXBuildFile; fileRef = D8F6C97E110D6AE8009DADFF /* BundleInjector.dylib */; };
		D8F6CBE5110E596E009DADFF /* libcrypto.dylib in Frameworks */ = {isa = PBXBuildFile; fileRef = D8F6CBE4110E596E009DADFF /* libcrypto.dylib */; };
/* End PBXBuildFile section */

/* Begin PBXContainerItemProxy section */
		CA5A68D61108261D00BF1BC8 /* PBXContainerItemProxy */ = {
			isa = PBXContainerItemProxy;
			containerPortal = CA5A68CF1108261D00BF1BC8 /* CocoaHTTPServerLibrary.xcodeproj */;
			proxyType = 2;
			remoteGlobalIDString = 8319631B0F28464E005D1D21;
			remoteInfo = CocoaHTTPServer;
		};
		CA5DFD621112BD0F00DCE78D /* PBXContainerItemProxy */ = {
			isa = PBXContainerItemProxy;
			containerPortal = CA5DFD561112BD0F00DCE78D /* JSON.xcodeproj */;
			proxyType = 2;
			remoteGlobalIDString = 53D229810C96121600276605;
			remoteInfo = JSON;
		};
		CA5DFD641112BD0F00DCE78D /* PBXContainerItemProxy */ = {
			isa = PBXContainerItemProxy;
			containerPortal = CA5DFD561112BD0F00DCE78D /* JSON.xcodeproj */;
			proxyType = 2;
			remoteGlobalIDString = 53D2298D0C96122A00276605;
			remoteInfo = Tests;
		};
		CA5DFD661112BD0F00DCE78D /* PBXContainerItemProxy */ = {
			isa = PBXContainerItemProxy;
			containerPortal = CA5DFD561112BD0F00DCE78D /* JSON.xcodeproj */;
			proxyType = 2;
			remoteGlobalIDString = FE2BBD800D8B0D3900184787;
			remoteInfo = libjson;
		};
		CA5DFD681112BD0F00DCE78D /* PBXContainerItemProxy */ = {
			isa = PBXContainerItemProxy;
			containerPortal = CA5DFD561112BD0F00DCE78D /* JSON.xcodeproj */;
			proxyType = 2;
			remoteGlobalIDString = FE2BBDAB0D8B0EE000184787;
			remoteInfo = libjsontests;
		};
		CA5DFD6A1112BD0F00DCE78D /* PBXContainerItemProxy */ = {
			isa = PBXContainerItemProxy;
			containerPortal = CA5DFD561112BD0F00DCE78D /* JSON.xcodeproj */;
			proxyType = 2;
			remoteGlobalIDString = 53EF4D400DC247B3005F5E6D;
			remoteInfo = bench;
		};
		CA5DFDC11112BEEC00DCE78D /* PBXContainerItemProxy */ = {
			isa = PBXContainerItemProxy;
			containerPortal = CA5DFD561112BD0F00DCE78D /* JSON.xcodeproj */;
			proxyType = 1;
			remoteGlobalIDString = FE2BBD7F0D8B0D3900184787;
			remoteInfo = libjson;
		};
		D8F6C62C110C970A009DADFF /* PBXContainerItemProxy */ = {
			isa = PBXContainerItemProxy;
			containerPortal = CA5A68CF1108261D00BF1BC8 /* CocoaHTTPServerLibrary.xcodeproj */;
			proxyType = 1;
			remoteGlobalIDString = 8319631A0F28464E005D1D21;
			remoteInfo = CocoaHTTPServer;
		};
/* End PBXContainerItemProxy section */

/* Begin PBXCopyFilesBuildPhase section */
		D8F6CA54110D6C64009DADFF /* CopyFiles */ = {
			isa = PBXCopyFilesBuildPhase;
			buildActionMask = 2147483647;
			dstPath = "";
			dstSubfolderSpec = 12;
			files = (
				D8F6CA48110D6C5D009DADFF /* BundleInjector.dylib in CopyFiles */,
			);
			runOnlyForDeploymentPostprocessing = 0;
		};
/* End PBXCopyFilesBuildPhase section */

/* Begin PBXFileReference section */
		CA5A6872110825E500BF1BC8 /* SafariExtension.h */ = {isa = PBXFileReference; fileEncoding = 4; lastKnownFileType = sourcecode.c.h; path = SafariExtension.h; sourceTree = "<group>"; };
		CA5A6873110825E500BF1BC8 /* SafariExtension.m */ = {isa = PBXFileReference; fileEncoding = 4; lastKnownFileType = sourcecode.c.objc; path = SafariExtension.m; sourceTree = "<group>"; };
		CA5A6874110825E500BF1BC8 /* SafariWebViewController.h */ = {isa = PBXFileReference; fileEncoding = 4; lastKnownFileType = sourcecode.c.h; path = SafariWebViewController.h; sourceTree = "<group>"; };
		CA5A6875110825E500BF1BC8 /* SafariWebViewController.m */ = {isa = PBXFileReference; fileEncoding = 4; lastKnownFileType = sourcecode.c.objc; path = SafariWebViewController.m; sourceTree = "<group>"; };
		CA5A68CF1108261D00BF1BC8 /* CocoaHTTPServerLibrary.xcodeproj */ = {isa = PBXFileReference; lastKnownFileType = "wrapper.pb-project"; name = CocoaHTTPServerLibrary.xcodeproj; path = "lib/buildtime-src/cocoahttpserver/CocoaHTTPServerLibrary.xcodeproj"; sourceTree = "<group>"; };
		CA5A6906110833FB00BF1BC8 /* SafariExtension.bundle */ = {isa = PBXFileReference; explicitFileType = wrapper.cfbundle; includeInIndex = 0; path = SafariExtension.bundle; sourceTree = BUILT_PRODUCTS_DIR; };
		CA5A69221108360500BF1BC8 /* WebKit.framework */ = {isa = PBXFileReference; lastKnownFileType = wrapper.framework; name = WebKit.framework; path = /System/Library/Frameworks/WebKit.framework; sourceTree = "<absolute>"; };
		CA5DFD561112BD0F00DCE78D /* JSON.xcodeproj */ = {isa = PBXFileReference; lastKnownFileType = "wrapper.pb-project"; name = JSON.xcodeproj; path = "lib/buildtime-src/json-framework/project/JSON.xcodeproj"; sourceTree = "<group>"; };
		CA707DB111A3CF7200646473 /* Attribute.h */ = {isa = PBXFileReference; fileEncoding = 4; lastKnownFileType = sourcecode.c.h; name = Attribute.h; path = ../common/src/objc/Attribute.h; sourceTree = SOURCE_ROOT; };
		CA707DB211A3CF7200646473 /* Attribute.m */ = {isa = PBXFileReference; fileEncoding = 4; lastKnownFileType = sourcecode.c.objc; name = Attribute.m; path = ../common/src/objc/Attribute.m; sourceTree = SOURCE_ROOT; };
		CA707DB311A3CF7200646473 /* Cookie.h */ = {isa = PBXFileReference; fileEncoding = 4; lastKnownFileType = sourcecode.c.h; name = Cookie.h; path = ../common/src/objc/Cookie.h; sourceTree = SOURCE_ROOT; };
		CA707DB411A3CF7200646473 /* Cookie.m */ = {isa = PBXFileReference; fileEncoding = 4; lastKnownFileType = sourcecode.c.objc; name = Cookie.m; path = ../common/src/objc/Cookie.m; sourceTree = SOURCE_ROOT; };
		CA707DB511A3CF7200646473 /* COPYING */ = {isa = PBXFileReference; fileEncoding = 4; lastKnownFileType = text; name = COPYING; path = ../common/src/objc/COPYING; sourceTree = SOURCE_ROOT; };
		CA707DB611A3CF7200646473 /* Element+FindElement.h */ = {isa = PBXFileReference; fileEncoding = 4; lastKnownFileType = sourcecode.c.h; name = "Element+FindElement.h"; path = "../common/src/objc/Element+FindElement.h"; sourceTree = SOURCE_ROOT; };
		CA707DB711A3CF7200646473 /* Element+FindElement.m */ = {isa = PBXFileReference; fileEncoding = 4; lastKnownFileType = sourcecode.c.objc; name = "Element+FindElement.m"; path = "../common/src/objc/Element+FindElement.m"; sourceTree = SOURCE_ROOT; };
		CA707DB811A3CF7200646473 /* Element.h */ = {isa = PBXFileReference; fileEncoding = 4; lastKnownFileType = sourcecode.c.h; name = Element.h; path = ../common/src/objc/Element.h; sourceTree = SOURCE_ROOT; };
		CA707DB911A3CF7200646473 /* Element.m */ = {isa = PBXFileReference; fileEncoding = 4; lastKnownFileType = sourcecode.c.objc; name = Element.m; path = ../common/src/objc/Element.m; sourceTree = SOURCE_ROOT; };
		CA707DBA11A3CF7200646473 /* ElementStore+FindElement.h */ = {isa = PBXFileReference; fileEncoding = 4; lastKnownFileType = sourcecode.c.h; name = "ElementStore+FindElement.h"; path = "../common/src/objc/ElementStore+FindElement.h"; sourceTree = SOURCE_ROOT; };
		CA707DBB11A3CF7200646473 /* ElementStore+FindElement.m */ = {isa = PBXFileReference; fileEncoding = 4; lastKnownFileType = sourcecode.c.objc; name = "ElementStore+FindElement.m"; path = "../common/src/objc/ElementStore+FindElement.m"; sourceTree = SOURCE_ROOT; };
		CA707DBC11A3CF7200646473 /* ElementStore.h */ = {isa = PBXFileReference; fileEncoding = 4; lastKnownFileType = sourcecode.c.h; name = ElementStore.h; path = ../common/src/objc/ElementStore.h; sourceTree = SOURCE_ROOT; };
		CA707DBD11A3CF7200646473 /* ElementStore.m */ = {isa = PBXFileReference; fileEncoding = 4; lastKnownFileType = sourcecode.c.objc; name = ElementStore.m; path = ../common/src/objc/ElementStore.m; sourceTree = SOURCE_ROOT; };
		CA707DBE11A3CF7200646473 /* HTTPJSONResponse.h */ = {isa = PBXFileReference; fileEncoding = 4; lastKnownFileType = sourcecode.c.h; name = HTTPJSONResponse.h; path = ../common/src/objc/HTTPJSONResponse.h; sourceTree = SOURCE_ROOT; };
		CA707DBF11A3CF7200646473 /* HTTPJSONResponse.m */ = {isa = PBXFileReference; fileEncoding = 4; lastKnownFileType = sourcecode.c.objc; name = HTTPJSONResponse.m; path = ../common/src/objc/HTTPJSONResponse.m; sourceTree = SOURCE_ROOT; };
		CA707DC011A3CF7200646473 /* HTTPPNGResponse.h */ = {isa = PBXFileReference; fileEncoding = 4; lastKnownFileType = sourcecode.c.h; name = HTTPPNGResponse.h; path = ../common/src/objc/HTTPPNGResponse.h; sourceTree = SOURCE_ROOT; };
		CA707DC111A3CF7200646473 /* HTTPResponse+Utility.h */ = {isa = PBXFileReference; fileEncoding = 4; lastKnownFileType = sourcecode.c.h; name = "HTTPResponse+Utility.h"; path = "../common/src/objc/HTTPResponse+Utility.h"; sourceTree = SOURCE_ROOT; };
		CA707DC211A3CF7200646473 /* HTTPResponse+Utility.m */ = {isa = PBXFileReference; fileEncoding = 4; lastKnownFileType = sourcecode.c.objc; name = "HTTPResponse+Utility.m"; path = "../common/src/objc/HTTPResponse+Utility.m"; sourceTree = SOURCE_ROOT; };
		CA707DC311A3CF7200646473 /* HTTPServerController.h */ = {isa = PBXFileReference; fileEncoding = 4; lastKnownFileType = sourcecode.c.h; name = HTTPServerController.h; path = ../common/src/objc/HTTPServerController.h; sourceTree = SOURCE_ROOT; };
		CA707DC411A3CF7200646473 /* HTTPServerController.m */ = {isa = PBXFileReference; fileEncoding = 4; lastKnownFileType = sourcecode.c.objc; name = HTTPServerController.m; path = ../common/src/objc/HTTPServerController.m; sourceTree = SOURCE_ROOT; };
		CA707DC511A3CF7200646473 /* HTTPVirtualDirectory+AccessViewController.h */ = {isa = PBXFileReference; fileEncoding = 4; lastKnownFileType = sourcecode.c.h; name = "HTTPVirtualDirectory+AccessViewController.h"; path = "../common/src/objc/HTTPVirtualDirectory+AccessViewController.h"; sourceTree = SOURCE_ROOT; };
		CA707DC611A3CF7200646473 /* HTTPVirtualDirectory+AccessViewController.m */ = {isa = PBXFileReference; fileEncoding = 4; lastKnownFileType = sourcecode.c.objc; name = "HTTPVirtualDirectory+AccessViewController.m"; path = "../common/src/objc/HTTPVirtualDirectory+AccessViewController.m"; sourceTree = SOURCE_ROOT; };
		CA707DC711A3CF7200646473 /* HTTPVirtualDirectory+Remove.h */ = {isa = PBXFileReference; fileEncoding = 4; lastKnownFileType = sourcecode.c.h; name = "HTTPVirtualDirectory+Remove.h"; path = "../common/src/objc/HTTPVirtualDirectory+Remove.h"; sourceTree = SOURCE_ROOT; };
		CA707DC811A3CF7200646473 /* HTTPVirtualDirectory+Remove.m */ = {isa = PBXFileReference; fileEncoding = 4; lastKnownFileType = sourcecode.c.objc; name = "HTTPVirtualDirectory+Remove.m"; path = "../common/src/objc/HTTPVirtualDirectory+Remove.m"; sourceTree = SOURCE_ROOT; };
		CA707DC911A3CF7200646473 /* iWebDriver_Prefix.pch */ = {isa = PBXFileReference; fileEncoding = 4; lastKnownFileType = sourcecode.c.h; name = iWebDriver_Prefix.pch; path = ../common/src/objc/iWebDriver_Prefix.pch; sourceTree = SOURCE_ROOT; };
		CA707DCA11A3CF7200646473 /* JSONRESTResource.h */ = {isa = PBXFileReference; fileEncoding = 4; lastKnownFileType = sourcecode.c.h; name = JSONRESTResource.h; path = ../common/src/objc/JSONRESTResource.h; sourceTree = SOURCE_ROOT; };
		CA707DCB11A3CF7200646473 /* JSONRESTResource.m */ = {isa = PBXFileReference; fileEncoding = 4; lastKnownFileType = sourcecode.c.objc; name = JSONRESTResource.m; path = ../common/src/objc/JSONRESTResource.m; sourceTree = SOURCE_ROOT; };
		CA707DCC11A3CF7200646473 /* NSException+WebDriver.h */ = {isa = PBXFileReference; fileEncoding = 4; lastKnownFileType = sourcecode.c.h; name = "NSException+WebDriver.h"; path = "../common/src/objc/NSException+WebDriver.h"; sourceTree = SOURCE_ROOT; };
		CA707DCD11A3CF7200646473 /* NSException+WebDriver.m */ = {isa = PBXFileReference; fileEncoding = 4; lastKnownFileType = sourcecode.c.objc; name = "NSException+WebDriver.m"; path = "../common/src/objc/NSException+WebDriver.m"; sourceTree = SOURCE_ROOT; };
		CA707DCE11A3CF7200646473 /* NSURLRequest+IgnoreSSL.h */ = {isa = PBXFileReference; fileEncoding = 4; lastKnownFileType = sourcecode.c.h; name = "NSURLRequest+IgnoreSSL.h"; path = "../common/src/objc/NSURLRequest+IgnoreSSL.h"; sourceTree = SOURCE_ROOT; };
		CA707DCF11A3CF7200646473 /* NSURLRequest+IgnoreSSL.m */ = {isa = PBXFileReference; fileEncoding = 4; lastKnownFileType = sourcecode.c.objc; name = "NSURLRequest+IgnoreSSL.m"; path = "../common/src/objc/NSURLRequest+IgnoreSSL.m"; sourceTree = SOURCE_ROOT; };
		CA707DD011A3CF7200646473 /* RESTServiceMapping.h */ = {isa = PBXFileReference; fileEncoding = 4; lastKnownFileType = sourcecode.c.h; name = RESTServiceMapping.h; path = ../common/src/objc/RESTServiceMapping.h; sourceTree = SOURCE_ROOT; };
		CA707DD111A3CF7200646473 /* RESTServiceMapping.m */ = {isa = PBXFileReference; fileEncoding = 4; lastKnownFileType = sourcecode.c.objc; name = RESTServiceMapping.m; path = ../common/src/objc/RESTServiceMapping.m; sourceTree = SOURCE_ROOT; };
		CA707DD211A3CF7200646473 /* Session+ExecuteScript.h */ = {isa = PBXFileReference; fileEncoding = 4; lastKnownFileType = sourcecode.c.h; name = "Session+ExecuteScript.h"; path = "../common/src/objc/Session+ExecuteScript.h"; sourceTree = SOURCE_ROOT; };
		CA707DD311A3CF7200646473 /* Session+ExecuteScript.m */ = {isa = PBXFileReference; fileEncoding = 4; lastKnownFileType = sourcecode.c.objc; name = "Session+ExecuteScript.m"; path = "../common/src/objc/Session+ExecuteScript.m"; sourceTree = SOURCE_ROOT; };
		CA707DD411A3CF7200646473 /* Session.h */ = {isa = PBXFileReference; fileEncoding = 4; lastKnownFileType = sourcecode.c.h; name = Session.h; path = ../common/src/objc/Session.h; sourceTree = SOURCE_ROOT; };
		CA707DD511A3CF7200646473 /* Session.m */ = {isa = PBXFileReference; fileEncoding = 4; lastKnownFileType = sourcecode.c.objc; name = Session.m; path = ../common/src/objc/Session.m; sourceTree = SOURCE_ROOT; };
		CA707DD611A3CF7200646473 /* SessionRoot.h */ = {isa = PBXFileReference; fileEncoding = 4; lastKnownFileType = sourcecode.c.h; name = SessionRoot.h; path = ../common/src/objc/SessionRoot.h; sourceTree = SOURCE_ROOT; };
		CA707DD711A3CF7200646473 /* SessionRoot.m */ = {isa = PBXFileReference; fileEncoding = 4; lastKnownFileType = sourcecode.c.objc; name = SessionRoot.m; path = ../common/src/objc/SessionRoot.m; sourceTree = SOURCE_ROOT; };
		CA707DDA11A3CF7200646473 /* WebDriverHTTPConnection.h */ = {isa = PBXFileReference; fileEncoding = 4; lastKnownFileType = sourcecode.c.h; name = WebDriverHTTPConnection.h; path = ../common/src/objc/WebDriverHTTPConnection.h; sourceTree = SOURCE_ROOT; };
		CA707DDB11A3CF7200646473 /* WebDriverHTTPConnection.m */ = {isa = PBXFileReference; fileEncoding = 4; lastKnownFileType = sourcecode.c.objc; name = WebDriverHTTPConnection.m; path = ../common/src/objc/WebDriverHTTPConnection.m; sourceTree = SOURCE_ROOT; };
		CA707DDC11A3CF7200646473 /* WebDriverHTTPServer.h */ = {isa = PBXFileReference; fileEncoding = 4; lastKnownFileType = sourcecode.c.h; name = WebDriverHTTPServer.h; path = ../common/src/objc/WebDriverHTTPServer.h; sourceTree = SOURCE_ROOT; };
		CA707DDD11A3CF7200646473 /* WebDriverHTTPServer.m */ = {isa = PBXFileReference; fileEncoding = 4; lastKnownFileType = sourcecode.c.objc; name = WebDriverHTTPServer.m; path = ../common/src/objc/WebDriverHTTPServer.m; sourceTree = SOURCE_ROOT; };
		CA707DDE11A3CF7200646473 /* WebDriverPreferences.h */ = {isa = PBXFileReference; fileEncoding = 4; lastKnownFileType = sourcecode.c.h; name = WebDriverPreferences.h; path = ../common/src/objc/WebDriverPreferences.h; sourceTree = SOURCE_ROOT; };
		CA707DDF11A3CF7200646473 /* WebDriverPreferences.m */ = {isa = PBXFileReference; fileEncoding = 4; lastKnownFileType = sourcecode.c.objc; name = WebDriverPreferences.m; path = ../common/src/objc/WebDriverPreferences.m; sourceTree = SOURCE_ROOT; };
		CA707DE011A3CF7200646473 /* WebDriverRequestFetcher.h */ = {isa = PBXFileReference; fileEncoding = 4; lastKnownFileType = sourcecode.c.h; name = WebDriverRequestFetcher.h; path = ../common/src/objc/WebDriverRequestFetcher.h; sourceTree = SOURCE_ROOT; };
		CA707DE111A3CF7200646473 /* WebDriverRequestFetcher.m */ = {isa = PBXFileReference; fileEncoding = 4; lastKnownFileType = sourcecode.c.objc; name = WebDriverRequestFetcher.m; path = ../common/src/objc/WebDriverRequestFetcher.m; sourceTree = SOURCE_ROOT; };
		CA707DE211A3CF7200646473 /* WebDriverResource.h */ = {isa = PBXFileReference; fileEncoding = 4; lastKnownFileType = sourcecode.c.h; name = WebDriverResource.h; path = ../common/src/objc/WebDriverResource.h; sourceTree = SOURCE_ROOT; };
		CA707DE311A3CF7200646473 /* WebDriverResource.m */ = {isa = PBXFileReference; fileEncoding = 4; lastKnownFileType = sourcecode.c.objc; name = WebDriverResource.m; path = ../common/src/objc/WebDriverResource.m; sourceTree = SOURCE_ROOT; };
		CA707DE411A3CF7200646473 /* WebDriverResponse.h */ = {isa = PBXFileReference; fileEncoding = 4; lastKnownFileType = sourcecode.c.h; name = WebDriverResponse.h; path = ../common/src/objc/WebDriverResponse.h; sourceTree = SOURCE_ROOT; };
		CA707DE511A3CF7200646473 /* WebDriverResponse.m */ = {isa = PBXFileReference; fileEncoding = 4; lastKnownFileType = sourcecode.c.objc; name = WebDriverResponse.m; path = ../common/src/objc/WebDriverResponse.m; sourceTree = SOURCE_ROOT; };
		CA707DE611A3CF7200646473 /* WebDriverUtilities.h */ = {isa = PBXFileReference; fileEncoding = 4; lastKnownFileType = sourcecode.c.h; name = WebDriverUtilities.h; path = ../common/src/objc/WebDriverUtilities.h; sourceTree = SOURCE_ROOT; };
		CA707DE711A3CF7200646473 /* WebDriverUtilities.m */ = {isa = PBXFileReference; fileEncoding = 4; lastKnownFileType = sourcecode.c.objc; name = WebDriverUtilities.m; path = ../common/src/objc/WebDriverUtilities.m; sourceTree = SOURCE_ROOT; };
		CA707DE811A3CF7200646473 /* WebViewController.h */ = {isa = PBXFileReference; fileEncoding = 4; lastKnownFileType = sourcecode.c.h; name = WebViewController.h; path = ../common/src/objc/WebViewController.h; sourceTree = SOURCE_ROOT; };
		CA707DE911A3CF7200646473 /* WebViewController.m */ = {isa = PBXFileReference; fileEncoding = 4; lastKnownFileType = sourcecode.c.objc; name = WebViewController.m; path = ../common/src/objc/WebViewController.m; sourceTree = SOURCE_ROOT; };
		CA707E0711A3CFA700646473 /* errorcodes.h */ = {isa = PBXFileReference; fileEncoding = 4; lastKnownFileType = sourcecode.c.h; name = errorcodes.h; path = "../common/src/cpp/webdriver-interactions/errorcodes.h"; sourceTree = SOURCE_ROOT; };
		CA707E0B11A3D0F500646473 /* PlatformSpecificDefs.h */ = {isa = PBXFileReference; fileEncoding = 4; lastKnownFileType = sourcecode.c.h; name = PlatformSpecificDefs.h; path = ../common/src/objc/PlatformSpecificDefs.h; sourceTree = SOURCE_ROOT; };
		CA707F5311A3D23600646473 /* CoreFoundation.framework */ = {isa = PBXFileReference; lastKnownFileType = wrapper.framework; name = CoreFoundation.framework; path = /System/Library/Frameworks/CoreFoundation.framework; sourceTree = "<absolute>"; };
		CA707FE511A3D86D00646473 /* HTTPPNGResponse.m */ = {isa = PBXFileReference; fileEncoding = 4; lastKnownFileType = sourcecode.c.objc; name = HTTPPNGResponse.m; path = ../common/src/objc/HTTPPNGResponse.m; sourceTree = SOURCE_ROOT; };
		CA70800F11A3DBCC00646473 /* QuartzCore.framework */ = {isa = PBXFileReference; lastKnownFileType = wrapper.framework; name = QuartzCore.framework; path = /System/Library/Frameworks/QuartzCore.framework; sourceTree = "<absolute>"; };
		D8F6C97E110D6AE8009DADFF /* BundleInjector.dylib */ = {isa = PBXFileReference; explicitFileType = "compiled.mach-o.dylib"; includeInIndex = 0; path = BundleInjector.dylib; sourceTree = BUILT_PRODUCTS_DIR; };
		D8F6C984110D6B19009DADFF /* BundleInjector.m */ = {isa = PBXFileReference; fileEncoding = 4; lastKnownFileType = sourcecode.c.objc; path = BundleInjector.m; sourceTree = "<group>"; };
		D8F6CAAC110E42D3009DADFF /* SafariExtensionTest-Info.plist */ = {isa = PBXFileReference; lastKnownFileType = text.plist.xml; path = "SafariExtensionTest-Info.plist"; sourceTree = "<group>"; };
		D8F6CBE4110E596E009DADFF /* libcrypto.dylib */ = {isa = PBXFileReference; lastKnownFileType = "compiled.mach-o.dylib"; name = libcrypto.dylib; path = /usr/lib/libcrypto.dylib; sourceTree = "<absolute>"; };
/* End PBXFileReference section */

/* Begin PBXFrameworksBuildPhase section */
		CABBA6D51075EA0500BABE9A /* Frameworks */ = {
			isa = PBXFrameworksBuildPhase;
			buildActionMask = 2147483647;
			files = (
				CA5A68D81108262400BF1BC8 /* libCocoaHTTPServer.a in Frameworks */,
				CA5A69231108360500BF1BC8 /* WebKit.framework in Frameworks */,
				D8F6CBE5110E596E009DADFF /* libcrypto.dylib in Frameworks */,
				CA5DFD941112BD6600DCE78D /* libjson.a in Frameworks */,
				CA70801011A3DBCC00646473 /* QuartzCore.framework in Frameworks */,
			);
			runOnlyForDeploymentPostprocessing = 0;
		};
		D8F6C97C110D6AE8009DADFF /* Frameworks */ = {
			isa = PBXFrameworksBuildPhase;
			buildActionMask = 2147483647;
			files = (
			);
			runOnlyForDeploymentPostprocessing = 0;
		};
/* End PBXFrameworksBuildPhase section */

/* Begin PBXGroup section */
		CA5A6871110825E500BF1BC8 /* extension */ = {
			isa = PBXGroup;
			children = (
				CA5A6872110825E500BF1BC8 /* SafariExtension.h */,
				CA5A6873110825E500BF1BC8 /* SafariExtension.m */,
				CA5A6874110825E500BF1BC8 /* SafariWebViewController.h */,
				CA5A6875110825E500BF1BC8 /* SafariWebViewController.m */,
			);
			name = extension;
			path = src/objc/extension;
			sourceTree = "<group>";
		};
		CA5A6876110825E500BF1BC8 /* httpserver */ = {
			isa = PBXGroup;
			children = (
				CA707FE511A3D86D00646473 /* HTTPPNGResponse.m */,
				CA707E0711A3CFA700646473 /* errorcodes.h */,
				CA707DB111A3CF7200646473 /* Attribute.h */,
				CA707DB211A3CF7200646473 /* Attribute.m */,
				CA707DB311A3CF7200646473 /* Cookie.h */,
				CA707DB411A3CF7200646473 /* Cookie.m */,
				CA707DB511A3CF7200646473 /* COPYING */,
				CA707DB611A3CF7200646473 /* Element+FindElement.h */,
				CA707DB711A3CF7200646473 /* Element+FindElement.m */,
				CA707DB811A3CF7200646473 /* Element.h */,
				CA707DB911A3CF7200646473 /* Element.m */,
				CA707DBA11A3CF7200646473 /* ElementStore+FindElement.h */,
				CA707DBB11A3CF7200646473 /* ElementStore+FindElement.m */,
				CA707DBC11A3CF7200646473 /* ElementStore.h */,
				CA707DBD11A3CF7200646473 /* ElementStore.m */,
				CA707DBE11A3CF7200646473 /* HTTPJSONResponse.h */,
				CA707DBF11A3CF7200646473 /* HTTPJSONResponse.m */,
				CA707DC011A3CF7200646473 /* HTTPPNGResponse.h */,
				CA707DC111A3CF7200646473 /* HTTPResponse+Utility.h */,
				CA707DC211A3CF7200646473 /* HTTPResponse+Utility.m */,
				CA707DC311A3CF7200646473 /* HTTPServerController.h */,
				CA707DC411A3CF7200646473 /* HTTPServerController.m */,
				CA707DC511A3CF7200646473 /* HTTPVirtualDirectory+AccessViewController.h */,
				CA707DC611A3CF7200646473 /* HTTPVirtualDirectory+AccessViewController.m */,
				CA707DC711A3CF7200646473 /* HTTPVirtualDirectory+Remove.h */,
				CA707DC811A3CF7200646473 /* HTTPVirtualDirectory+Remove.m */,
				CA707DC911A3CF7200646473 /* iWebDriver_Prefix.pch */,
				CA707DCA11A3CF7200646473 /* JSONRESTResource.h */,
				CA707DCB11A3CF7200646473 /* JSONRESTResource.m */,
				CA707DCC11A3CF7200646473 /* NSException+WebDriver.h */,
				CA707DCD11A3CF7200646473 /* NSException+WebDriver.m */,
				CA707DCE11A3CF7200646473 /* NSURLRequest+IgnoreSSL.h */,
				CA707DCF11A3CF7200646473 /* NSURLRequest+IgnoreSSL.m */,
				CA707DD011A3CF7200646473 /* RESTServiceMapping.h */,
				CA707DD111A3CF7200646473 /* RESTServiceMapping.m */,
				CA707DD211A3CF7200646473 /* Session+ExecuteScript.h */,
				CA707DD311A3CF7200646473 /* Session+ExecuteScript.m */,
				CA707DD411A3CF7200646473 /* Session.h */,
				CA707DD511A3CF7200646473 /* Session.m */,
				CA707DD611A3CF7200646473 /* SessionRoot.h */,
				CA707DD711A3CF7200646473 /* SessionRoot.m */,
				CA707DDA11A3CF7200646473 /* WebDriverHTTPConnection.h */,
				CA707DDB11A3CF7200646473 /* WebDriverHTTPConnection.m */,
				CA707DDC11A3CF7200646473 /* WebDriverHTTPServer.h */,
				CA707DDD11A3CF7200646473 /* WebDriverHTTPServer.m */,
				CA707DDE11A3CF7200646473 /* WebDriverPreferences.h */,
				CA707DDF11A3CF7200646473 /* WebDriverPreferences.m */,
				CA707DE011A3CF7200646473 /* WebDriverRequestFetcher.h */,
				CA707DE111A3CF7200646473 /* WebDriverRequestFetcher.m */,
				CA707DE211A3CF7200646473 /* WebDriverResource.h */,
				CA707DE311A3CF7200646473 /* WebDriverResource.m */,
				CA707DE411A3CF7200646473 /* WebDriverResponse.h */,
				CA707DE511A3CF7200646473 /* WebDriverResponse.m */,
				CA707DE611A3CF7200646473 /* WebDriverUtilities.h */,
				CA707DE711A3CF7200646473 /* WebDriverUtilities.m */,
				CA707DE811A3CF7200646473 /* WebViewController.h */,
				CA707DE911A3CF7200646473 /* WebViewController.m */,
				CA707E0B11A3D0F500646473 /* PlatformSpecificDefs.h */,
			);
			name = httpserver;
			path = src/objc/httpserver;
			sourceTree = "<group>";
		};
		CA5A68AD110825E500BF1BC8 /* loader */ = {
			isa = PBXGroup;
			children = (
				D8F6C984110D6B19009DADFF /* BundleInjector.m */,
			);
			name = loader;
			path = src/objc/loader;
			sourceTree = "<group>";
		};
		CA5A68D01108261D00BF1BC8 /* Products */ = {
			isa = PBXGroup;
			children = (
				CA5A68D71108261D00BF1BC8 /* libCocoaHTTPServer.a */,
			);
			name = Products;
			sourceTree = "<group>";
		};
		CA5DFD571112BD0F00DCE78D /* Products */ = {
			isa = PBXGroup;
			children = (
				CA5DFD631112BD0F00DCE78D /* JSON.framework */,
				CA5DFD651112BD0F00DCE78D /* Tests.octest */,
				CA5DFD671112BD0F00DCE78D /* libjson.a */,
				CA5DFD691112BD0F00DCE78D /* libjsontests.octest */,
				CA5DFD6B1112BD0F00DCE78D /* bench */,
			);
			name = Products;
			sourceTree = "<group>";
		};
		CABBA68A1075E46400BABE9A = {
			isa = PBXGroup;
			children = (
				CA5DFD561112BD0F00DCE78D /* JSON.xcodeproj */,
				CA5A68CF1108261D00BF1BC8 /* CocoaHTTPServerLibrary.xcodeproj */,
				CA5A6871110825E500BF1BC8 /* extension */,
				CA5A6876110825E500BF1BC8 /* httpserver */,
				CA5A68AD110825E500BF1BC8 /* loader */,
				CABBA6D81075EA0500BABE9A /* Products */,
				CA5A69221108360500BF1BC8 /* WebKit.framework */,
				D8F6CAAC110E42D3009DADFF /* SafariExtensionTest-Info.plist */,
				D8F6CBE4110E596E009DADFF /* libcrypto.dylib */,
				CA707F5311A3D23600646473 /* CoreFoundation.framework */,
				CA70800F11A3DBCC00646473 /* QuartzCore.framework */,
			);
			sourceTree = "<group>";
		};
		CABBA6D81075EA0500BABE9A /* Products */ = {
			isa = PBXGroup;
			children = (
				CA5A6906110833FB00BF1BC8 /* SafariExtension.bundle */,
				D8F6C97E110D6AE8009DADFF /* BundleInjector.dylib */,
			);
			name = Products;
			sourceTree = "<group>";
		};
/* End PBXGroup section */

/* Begin PBXHeadersBuildPhase section */
		D8F6C97A110D6AE8009DADFF /* Headers */ = {
			isa = PBXHeadersBuildPhase;
			buildActionMask = 2147483647;
			files = (
			);
			runOnlyForDeploymentPostprocessing = 0;
		};
/* End PBXHeadersBuildPhase section */

/* Begin PBXNativeTarget section */
		CABBA6D61075EA0500BABE9A /* SafariExtension */ = {
			isa = PBXNativeTarget;
			buildConfigurationList = CABBA6DD1075EA0600BABE9A /* Build configuration list for PBXNativeTarget "SafariExtension" */;
			buildPhases = (
				CABBA6D31075EA0500BABE9A /* Resources */,
				CABBA6D41075EA0500BABE9A /* Sources */,
				CABBA6D51075EA0500BABE9A /* Frameworks */,
				D8F6CA54110D6C64009DADFF /* CopyFiles */,
			);
			buildRules = (
			);
			dependencies = (
				D8F6C62D110C970A009DADFF /* PBXTargetDependency */,
				CA5DFDC21112BEEC00DCE78D /* PBXTargetDependency */,
			);
			name = SafariExtension;
			productName = SafariExtension;
			productReference = CA5A6906110833FB00BF1BC8 /* SafariExtension.bundle */;
			productType = "com.apple.product-type.bundle";
		};
		D8F6C97D110D6AE8009DADFF /* BundleInjector */ = {
			isa = PBXNativeTarget;
			buildConfigurationList = D8F6C983110D6AF9009DADFF /* Build configuration list for PBXNativeTarget "BundleInjector" */;
			buildPhases = (
				D8F6C97A110D6AE8009DADFF /* Headers */,
				D8F6C97B110D6AE8009DADFF /* Sources */,
				D8F6C97C110D6AE8009DADFF /* Frameworks */,
			);
			buildRules = (
			);
			dependencies = (
			);
			name = BundleInjector;
			productName = BundleInjector;
			productReference = D8F6C97E110D6AE8009DADFF /* BundleInjector.dylib */;
			productType = "com.apple.product-type.library.dynamic";
		};
/* End PBXNativeTarget section */

/* Begin PBXProject section */
		CABBA68C1075E46400BABE9A /* Project object */ = {
			isa = PBXProject;
			buildConfigurationList = CABBA68F1075E46400BABE9A /* Build configuration list for PBXProject "SafariDriver" */;
			compatibilityVersion = "Xcode 2.4";
			hasScannedForEncodings = 0;
			mainGroup = CABBA68A1075E46400BABE9A;
			productRefGroup = CABBA6D81075EA0500BABE9A /* Products */;
			projectDirPath = "";
			projectReferences = (
				{
					ProductGroup = CA5A68D01108261D00BF1BC8 /* Products */;
					ProjectRef = CA5A68CF1108261D00BF1BC8 /* CocoaHTTPServerLibrary.xcodeproj */;
				},
				{
					ProductGroup = CA5DFD571112BD0F00DCE78D /* Products */;
					ProjectRef = CA5DFD561112BD0F00DCE78D /* JSON.xcodeproj */;
				},
			);
			projectRoot = "";
			targets = (
				CABBA6D61075EA0500BABE9A /* SafariExtension */,
				D8F6C97D110D6AE8009DADFF /* BundleInjector */,
			);
		};
/* End PBXProject section */

/* Begin PBXReferenceProxy section */
		CA5A68D71108261D00BF1BC8 /* libCocoaHTTPServer.a */ = {
			isa = PBXReferenceProxy;
			fileType = archive.ar;
			path = libCocoaHTTPServer.a;
			remoteRef = CA5A68D61108261D00BF1BC8 /* PBXContainerItemProxy */;
			sourceTree = BUILT_PRODUCTS_DIR;
		};
		CA5DFD631112BD0F00DCE78D /* JSON.framework */ = {
			isa = PBXReferenceProxy;
			fileType = wrapper.framework;
			path = JSON.framework;
			remoteRef = CA5DFD621112BD0F00DCE78D /* PBXContainerItemProxy */;
			sourceTree = BUILT_PRODUCTS_DIR;
		};
		CA5DFD651112BD0F00DCE78D /* Tests.octest */ = {
			isa = PBXReferenceProxy;
			fileType = wrapper.cfbundle;
			path = Tests.octest;
			remoteRef = CA5DFD641112BD0F00DCE78D /* PBXContainerItemProxy */;
			sourceTree = BUILT_PRODUCTS_DIR;
		};
		CA5DFD671112BD0F00DCE78D /* libjson.a */ = {
			isa = PBXReferenceProxy;
			fileType = archive.ar;
			path = libjson.a;
			remoteRef = CA5DFD661112BD0F00DCE78D /* PBXContainerItemProxy */;
			sourceTree = BUILT_PRODUCTS_DIR;
		};
		CA5DFD691112BD0F00DCE78D /* libjsontests.octest */ = {
			isa = PBXReferenceProxy;
			fileType = wrapper.cfbundle;
			path = libjsontests.octest;
			remoteRef = CA5DFD681112BD0F00DCE78D /* PBXContainerItemProxy */;
			sourceTree = BUILT_PRODUCTS_DIR;
		};
		CA5DFD6B1112BD0F00DCE78D /* bench */ = {
			isa = PBXReferenceProxy;
			fileType = "compiled.mach-o.executable";
			path = bench;
			remoteRef = CA5DFD6A1112BD0F00DCE78D /* PBXContainerItemProxy */;
			sourceTree = BUILT_PRODUCTS_DIR;
		};
/* End PBXReferenceProxy section */

/* Begin PBXResourcesBuildPhase section */
		CABBA6D31075EA0500BABE9A /* Resources */ = {
			isa = PBXResourcesBuildPhase;
			buildActionMask = 2147483647;
			files = (
				CA707DEC11A3CF7200646473 /* COPYING in Resources */,
			);
			runOnlyForDeploymentPostprocessing = 0;
		};
/* End PBXResourcesBuildPhase section */

/* Begin PBXSourcesBuildPhase section */
		CABBA6D41075EA0500BABE9A /* Sources */ = {
			isa = PBXSourcesBuildPhase;
			buildActionMask = 2147483647;
			files = (
				CA5A68AE110825E500BF1BC8 /* SafariExtension.m in Sources */,
				CA5A68AF110825E500BF1BC8 /* SafariWebViewController.m in Sources */,
				CA707DEA11A3CF7200646473 /* Attribute.m in Sources */,
				CA707DEB11A3CF7200646473 /* Cookie.m in Sources */,
				CA707DED11A3CF7200646473 /* Element+FindElement.m in Sources */,
				CA707DEE11A3CF7200646473 /* Element.m in Sources */,
				CA707DEF11A3CF7200646473 /* ElementStore+FindElement.m in Sources */,
				CA707DF011A3CF7200646473 /* ElementStore.m in Sources */,
				CA707DF111A3CF7200646473 /* HTTPJSONResponse.m in Sources */,
				CA707DF211A3CF7200646473 /* HTTPResponse+Utility.m in Sources */,
				CA707DF311A3CF7200646473 /* HTTPServerController.m in Sources */,
				CA707DF411A3CF7200646473 /* HTTPVirtualDirectory+AccessViewController.m in Sources */,
				CA707DF511A3CF7200646473 /* HTTPVirtualDirectory+Remove.m in Sources */,
				CA707DF611A3CF7200646473 /* JSONRESTResource.m in Sources */,
				CA707DF711A3CF7200646473 /* NSException+WebDriver.m in Sources */,
				CA707DF811A3CF7200646473 /* NSURLRequest+IgnoreSSL.m in Sources */,
				CA707DF911A3CF7200646473 /* RESTServiceMapping.m in Sources */,
				CA707DFA11A3CF7200646473 /* Session+ExecuteScript.m in Sources */,
				CA707DFB11A3CF7200646473 /* Session.m in Sources */,
				CA707DFC11A3CF7200646473 /* SessionRoot.m in Sources */,
				CA707DFE11A3CF7200646473 /* WebDriverHTTPConnection.m in Sources */,
				CA707DFF11A3CF7200646473 /* WebDriverHTTPServer.m in Sources */,
				CA707E0011A3CF7200646473 /* WebDriverPreferences.m in Sources */,
				CA707E0111A3CF7200646473 /* WebDriverRequestFetcher.m in Sources */,
				CA707E0211A3CF7200646473 /* WebDriverResource.m in Sources */,
				CA707E0311A3CF7200646473 /* WebDriverResponse.m in Sources */,
				CA707E0411A3CF7200646473 /* WebDriverUtilities.m in Sources */,
				CA707E0511A3CF7200646473 /* WebViewController.m in Sources */,
				CA707FE611A3D86D00646473 /* HTTPPNGResponse.m in Sources */,
			);
			runOnlyForDeploymentPostprocessing = 0;
		};
		D8F6C97B110D6AE8009DADFF /* Sources */ = {
			isa = PBXSourcesBuildPhase;
			buildActionMask = 2147483647;
			files = (
				D8F6C985110D6B19009DADFF /* BundleInjector.m in Sources */,
			);
			runOnlyForDeploymentPostprocessing = 0;
		};
/* End PBXSourcesBuildPhase section */

/* Begin PBXTargetDependency section */
		CA5DFDC21112BEEC00DCE78D /* PBXTargetDependency */ = {
			isa = PBXTargetDependency;
			name = libjson;
			targetProxy = CA5DFDC11112BEEC00DCE78D /* PBXContainerItemProxy */;
		};
		D8F6C62D110C970A009DADFF /* PBXTargetDependency */ = {
			isa = PBXTargetDependency;
			name = CocoaHTTPServer;
			targetProxy = D8F6C62C110C970A009DADFF /* PBXContainerItemProxy */;
		};
/* End PBXTargetDependency section */

/* Begin XCBuildConfiguration section */
		CABBA68D1075E46400BABE9A /* Debug */ = {
			isa = XCBuildConfiguration;
			buildSettings = {
				COCOAHTTPSERVER_HEADERS = "$(PROJECT_DIR)/lib/buildtime-src/cocoahttpserver/build/$(CONFIGURATION)$(EFFECTIVE_PLATFORM_NAME)/usr/local/include";
				COPY_PHASE_STRIP = NO;
				JSON_HEADERS = "$(PROJECT_DIR)/lib/buildtime-src/json-framework/project/Source/";
			};
			name = Debug;
		};
		CABBA68E1075E46400BABE9A /* Release */ = {
			isa = XCBuildConfiguration;
			buildSettings = {
				ARCHS = "$(ARCHS_STANDARD_32_64_BIT_PRE_XCODE_3_1)";
				ARCHS_STANDARD_32_64_BIT_PRE_XCODE_3_1 = "x86_64 i386 ppc";
				COCOAHTTPSERVER_HEADERS = "$(PROJECT_DIR)/lib/buildtime-src/cocoahttpserver/build/$(CONFIGURATION)$(EFFECTIVE_PLATFORM_NAME)/usr/local/include";
				COPY_PHASE_STRIP = YES;
				JSON_HEADERS = "$(PROJECT_DIR)/lib/buildtime-src/json-framework/project/Source/";
			};
			name = Release;
		};
		CABBA6DB1075EA0600BABE9A /* Debug */ = {
			isa = XCBuildConfiguration;
			buildSettings = {
				ALWAYS_SEARCH_USER_PATHS = NO;
				COPY_PHASE_STRIP = NO;
				FRAMEWORK_SEARCH_PATHS = (
					"$(inherited)",
					"$(FRAMEWORK_SEARCH_PATHS_QUOTED_FOR_TARGET_1)",
					"$(FRAMEWORK_SEARCH_PATHS_QUOTED_FOR_TARGET_2)",
				);
				FRAMEWORK_SEARCH_PATHS_QUOTED_FOR_TARGET_1 = "\"$(SRCROOT)/lib/cocoahttpserver/build/Debug\"";
				FRAMEWORK_SEARCH_PATHS_QUOTED_FOR_TARGET_2 = "\"$(SRCROOT)/lib/cocoahttpserver/build/Debug\"";
				GCC_C_LANGUAGE_STANDARD = gnu99;
				GCC_DYNAMIC_NO_PIC = NO;
				GCC_ENABLE_FIX_AND_CONTINUE = YES;
				GCC_MODEL_TUNING = G5;
				GCC_OPTIMIZATION_LEVEL = 0;
				GCC_PRECOMPILE_PREFIX_HEADER = YES;
				GCC_PREFIX_HEADER = "$(SYSTEM_LIBRARY_DIR)/Frameworks/AppKit.framework/Headers/AppKit.h";
				HEADER_SEARCH_PATHS = (
					"${JSON_HEADERS}/**",
					"${COCOAHTTPSERVER_HEADERS}/**",
				);
				INFOPLIST_FILE = "SafariExtension-Info.plist";
				INSTALL_PATH = "$(HOME)/Library/Bundles";
				LIBRARY_SEARCH_PATHS = (
					"$(inherited)",
					"$(LIBRARY_SEARCH_PATHS_QUOTED_FOR_TARGET_1)",
				);
				LIBRARY_SEARCH_PATHS_QUOTED_FOR_TARGET_1 = "\"$(SRCROOT)/build/Release\"";
				OTHER_LDFLAGS = (
					"-framework",
					Foundation,
					"-framework",
					AppKit,
					"-ObjC",
					"-all_load",
				);
				PREBINDING = NO;
				PRODUCT_NAME = SafariExtension;
				WRAPPER_EXTENSION = bundle;
			};
			name = Debug;
		};
		CABBA6DC1075EA0600BABE9A /* Release */ = {
			isa = XCBuildConfiguration;
			buildSettings = {
				ALWAYS_SEARCH_USER_PATHS = NO;
				COPY_PHASE_STRIP = YES;
				DEBUG_INFORMATION_FORMAT = "dwarf-with-dsym";
				FRAMEWORK_SEARCH_PATHS = (
					"$(inherited)",
					"$(FRAMEWORK_SEARCH_PATHS_QUOTED_FOR_TARGET_1)",
					"$(FRAMEWORK_SEARCH_PATHS_QUOTED_FOR_TARGET_2)",
				);
				FRAMEWORK_SEARCH_PATHS_QUOTED_FOR_TARGET_1 = "\"$(SRCROOT)/lib/cocoahttpserver/build/Debug\"";
				FRAMEWORK_SEARCH_PATHS_QUOTED_FOR_TARGET_2 = "\"$(SRCROOT)/lib/cocoahttpserver/build/Debug\"";
				GCC_C_LANGUAGE_STANDARD = gnu99;
				GCC_ENABLE_FIX_AND_CONTINUE = NO;
				GCC_MODEL_TUNING = G5;
				GCC_PRECOMPILE_PREFIX_HEADER = YES;
				GCC_PREFIX_HEADER = "$(SYSTEM_LIBRARY_DIR)/Frameworks/AppKit.framework/Headers/AppKit.h";
				HEADER_SEARCH_PATHS = (
					"${JSON_HEADERS}",
					"${COCOAHTTPSERVER_HEADERS}",
				);
				INFOPLIST_FILE = "SafariExtension-Info.plist";
				INSTALL_PATH = "$(HOME)/Library/Bundles";
				LIBRARY_SEARCH_PATHS = (
					"$(inherited)",
					"$(LIBRARY_SEARCH_PATHS_QUOTED_FOR_TARGET_1)",
				);
				LIBRARY_SEARCH_PATHS_QUOTED_FOR_TARGET_1 = "\"$(SRCROOT)/build/Release\"";
				OTHER_LDFLAGS = (
					"-framework",
					Foundation,
					"-framework",
					AppKit,
					"-ObjC",
					"-all_load",
				);
				PREBINDING = NO;
				PRODUCT_NAME = SafariExtension;
				WRAPPER_EXTENSION = bundle;
				ZERO_LINK = NO;
			};
			name = Release;
		};
		D8F6C97F110D6AE9009DADFF /* Debug */ = {
			isa = XCBuildConfiguration;
			buildSettings = {
				ALWAYS_SEARCH_USER_PATHS = NO;
				COPY_PHASE_STRIP = NO;
				DYLIB_COMPATIBILITY_VERSION = 1;
				DYLIB_CURRENT_VERSION = 1;
				GCC_DYNAMIC_NO_PIC = NO;
				GCC_ENABLE_FIX_AND_CONTINUE = YES;
				GCC_MODEL_TUNING = G5;
				GCC_OPTIMIZATION_LEVEL = 0;
				GCC_PRECOMPILE_PREFIX_HEADER = YES;
				GCC_PREFIX_HEADER = "$(SYSTEM_LIBRARY_DIR)/Frameworks/AppKit.framework/Headers/AppKit.h";
				INSTALL_PATH = /usr/local/lib;
				OTHER_LDFLAGS = (
					"-framework",
					Foundation,
					"-framework",
					AppKit,
				);
				PREBINDING = NO;
				PRODUCT_NAME = BundleInjector;
			};
			name = Debug;
		};
		D8F6C980110D6AE9009DADFF /* Release */ = {
			isa = XCBuildConfiguration;
			buildSettings = {
				ALWAYS_SEARCH_USER_PATHS = NO;
				COPY_PHASE_STRIP = YES;
				DEBUG_INFORMATION_FORMAT = "dwarf-with-dsym";
				DYLIB_COMPATIBILITY_VERSION = 1;
				DYLIB_CURRENT_VERSION = 1;
				GCC_ENABLE_FIX_AND_CONTINUE = NO;
				GCC_MODEL_TUNING = G5;
				GCC_PRECOMPILE_PREFIX_HEADER = YES;
				GCC_PREFIX_HEADER = "$(SYSTEM_LIBRARY_DIR)/Frameworks/AppKit.framework/Headers/AppKit.h";
				INSTALL_PATH = /usr/local/lib;
				OTHER_LDFLAGS = (
					"-framework",
					Foundation,
					"-framework",
					AppKit,
				);
				PREBINDING = NO;
				PRODUCT_NAME = BundleInjector;
				ZERO_LINK = NO;
			};
			name = Release;
		};
/* End XCBuildConfiguration section */

/* Begin XCConfigurationList section */
		CABBA68F1075E46400BABE9A /* Build configuration list for PBXProject "SafariDriver" */ = {
			isa = XCConfigurationList;
			buildConfigurations = (
				CABBA68D1075E46400BABE9A /* Debug */,
				CABBA68E1075E46400BABE9A /* Release */,
			);
			defaultConfigurationIsVisible = 0;
			defaultConfigurationName = Release;
		};
		CABBA6DD1075EA0600BABE9A /* Build configuration list for PBXNativeTarget "SafariExtension" */ = {
			isa = XCConfigurationList;
			buildConfigurations = (
				CABBA6DB1075EA0600BABE9A /* Debug */,
				CABBA6DC1075EA0600BABE9A /* Release */,
			);
			defaultConfigurationIsVisible = 0;
			defaultConfigurationName = Release;
		};
		D8F6C983110D6AF9009DADFF /* Build configuration list for PBXNativeTarget "BundleInjector" */ = {
			isa = XCConfigurationList;
			buildConfigurations = (
				D8F6C97F110D6AE9009DADFF /* Debug */,
				D8F6C980110D6AE9009DADFF /* Release */,
			);
			defaultConfigurationIsVisible = 0;
			defaultConfigurationName = Release;
		};
/* End XCConfigurationList section */
	};
	rootObject = CABBA68C1075E46400BABE9A /* Project object */;
}
